{
  "version": 4,
  "terraform_version": "1.1.8",
  "serial": 665,
  "lineage": "b91a7845-9648-6f15-5fa0-5e20294d24f4",
  "outputs": {
    "alb_arn": {
      "value": "arn:aws:elasticloadbalancing:us-east-2:698347480743:loadbalancer/app/alb-fargate-ecs/e99fdd45b91fde3c",
      "type": "string"
    },
    "alb_metadata": {
      "value": {
        "access_logs": [
          {
            "bucket": "",
            "enabled": false,
            "prefix": ""
          }
        ],
        "arn": "arn:aws:elasticloadbalancing:us-east-2:698347480743:loadbalancer/app/alb-fargate-ecs/e99fdd45b91fde3c",
        "arn_suffix": "app/alb-fargate-ecs/e99fdd45b91fde3c",
        "customer_owned_ipv4_pool": "",
        "desync_mitigation_mode": "defensive",
        "dns_name": "alb-fargate-ecs-564417248.us-east-2.elb.amazonaws.com",
        "drop_invalid_header_fields": false,
        "enable_cross_zone_load_balancing": null,
        "enable_deletion_protection": false,
        "enable_http2": true,
        "enable_waf_fail_open": false,
        "id": "arn:aws:elasticloadbalancing:us-east-2:698347480743:loadbalancer/app/alb-fargate-ecs/e99fdd45b91fde3c",
        "idle_timeout": 60,
        "internal": false,
        "ip_address_type": "ipv4",
        "load_balancer_type": "application",
        "name": "alb-fargate-ecs",
        "name_prefix": null,
        "security_groups": [
          "sg-09599f332ac987832"
        ],
        "subnet_mapping": [
          {
            "allocation_id": "",
            "ipv6_address": "",
            "outpost_id": "",
            "private_ipv4_address": "",
            "subnet_id": "subnet-033bbfc66256fc901"
          },
          {
            "allocation_id": "",
            "ipv6_address": "",
            "outpost_id": "",
            "private_ipv4_address": "",
            "subnet_id": "subnet-04bf2790c6626e90d"
          }
        ],
        "subnets": [
          "subnet-033bbfc66256fc901",
          "subnet-04bf2790c6626e90d"
        ],
        "tags": {
          "Environment": "production",
          "Name": "alb-ecs-fargate"
        },
        "tags_all": {
          "Environment": "production",
          "Name": "alb-ecs-fargate"
        },
        "timeouts": null,
        "vpc_id": "vpc-0164e0045aee0ab01",
        "zone_id": "Z3AADJGX6KTTL2"
      },
      "type": [
        "object",
        {
          "access_logs": [
            "list",
            [
              "object",
              {
                "bucket": "string",
                "enabled": "bool",
                "prefix": "string"
              }
            ]
          ],
          "arn": "string",
          "arn_suffix": "string",
          "customer_owned_ipv4_pool": "string",
          "desync_mitigation_mode": "string",
          "dns_name": "string",
          "drop_invalid_header_fields": "bool",
          "enable_cross_zone_load_balancing": "bool",
          "enable_deletion_protection": "bool",
          "enable_http2": "bool",
          "enable_waf_fail_open": "bool",
          "id": "string",
          "idle_timeout": "number",
          "internal": "bool",
          "ip_address_type": "string",
          "load_balancer_type": "string",
          "name": "string",
          "name_prefix": "string",
          "security_groups": [
            "set",
            "string"
          ],
          "subnet_mapping": [
            "set",
            [
              "object",
              {
                "allocation_id": "string",
                "ipv6_address": "string",
                "outpost_id": "string",
                "private_ipv4_address": "string",
                "subnet_id": "string"
              }
            ]
          ],
          "subnets": [
            "set",
            "string"
          ],
          "tags": [
            "map",
            "string"
          ],
          "tags_all": [
            "map",
            "string"
          ],
          "timeouts": [
            "object",
            {
              "create": "string",
              "delete": "string",
              "update": "string"
            }
          ],
          "vpc_id": "string",
          "zone_id": "string"
        }
      ]
    },
    "alb_target_group_id": {
      "value": "arn:aws:elasticloadbalancing:us-east-2:698347480743:targetgroup/blockchain/371a7205b6df9355",
      "type": "string"
    },
    "ecs_arn": {
      "value": "arn:aws:ecs:us-east-2:698347480743:cluster/ecs_blockchain_cluster",
      "type": "string"
    },
    "elliott_vpc_id": {
      "value": "vpc-0164e0045aee0ab01",
      "type": "string"
    },
    "elliott_vpc_public_sg_id": {
      "value": "sg-09599f332ac987832",
      "type": "string"
    },
    "iam_role_for_ecs_alb_arn": {
      "value": "arn:aws:iam::698347480743:role/blockchain",
      "type": "string"
    },
    "public_subnets": {
      "value": [
        "subnet-033bbfc66256fc901",
        "subnet-04bf2790c6626e90d"
      ],
      "type": [
        "tuple",
        [
          "string",
          "string"
        ]
      ]
    }
  },
  "resources": [
    {
      "module": "module.alb",
      "mode": "managed",
      "type": "aws_alb_listener",
      "name": "application",
      "provider": "provider[\"registry.terraform.io/hashicorp/aws\"]",
      "instances": [
        {
          "schema_version": 0,
          "attributes": {
            "alpn_policy": null,
            "arn": "arn:aws:elasticloadbalancing:us-east-2:698347480743:listener/app/alb-fargate-ecs/e99fdd45b91fde3c/8ba6e5ee8aca248c",
            "certificate_arn": null,
            "default_action": [
              {
                "authenticate_cognito": [],
                "authenticate_oidc": [],
                "fixed_response": [],
                "forward": [],
                "order": 1,
                "redirect": [],
                "target_group_arn": "arn:aws:elasticloadbalancing:us-east-2:698347480743:targetgroup/blockchain/371a7205b6df9355",
                "type": "forward"
              }
            ],
            "id": "arn:aws:elasticloadbalancing:us-east-2:698347480743:listener/app/alb-fargate-ecs/e99fdd45b91fde3c/8ba6e5ee8aca248c",
            "load_balancer_arn": "arn:aws:elasticloadbalancing:us-east-2:698347480743:loadbalancer/app/alb-fargate-ecs/e99fdd45b91fde3c",
            "port": 80,
            "protocol": "HTTP",
            "ssl_policy": "",
            "tags": null,
            "tags_all": {},
            "timeouts": null
          },
          "sensitive_attributes": [],
          "private": "eyJlMmJmYjczMC1lY2FhLTExZTYtOGY4OC0zNDM2M2JjN2M0YzAiOnsicmVhZCI6NjAwMDAwMDAwMDAwfX0=",
          "dependencies": [
            "module.alb.aws_alb_target_group.app_target_group",
            "module.alb.aws_lb.alb_ecs",
            "module.vpc.aws_security_group.public_sg",
            "module.vpc.aws_subnet.public_subnet",
            "module.vpc.aws_vpc.elliotts_aws_sandbox",
            "module.vpc.data.aws_availability_zones.available",
            "module.vpc.random_integer.rand_int"
          ]
        }
      ]
    },
    {
      "module": "module.alb",
      "mode": "managed",
      "type": "aws_alb_listener_rule",
      "name": "http",
      "provider": "provider[\"registry.terraform.io/hashicorp/aws\"]",
      "instances": [
        {
          "schema_version": 0,
          "attributes": {
            "action": [
              {
                "authenticate_cognito": [],
                "authenticate_oidc": [],
                "fixed_response": [],
                "forward": [],
                "order": 1,
                "redirect": [],
                "target_group_arn": "arn:aws:elasticloadbalancing:us-east-2:698347480743:targetgroup/blockchain/371a7205b6df9355",
                "type": "forward"
              }
            ],
            "arn": "arn:aws:elasticloadbalancing:us-east-2:698347480743:listener-rule/app/alb-fargate-ecs/e99fdd45b91fde3c/8ba6e5ee8aca248c/4504fac4b37700f0",
            "condition": [
              {
                "host_header": [],
                "http_header": [],
                "http_request_method": [],
                "path_pattern": [
                  {
                    "values": [
                      "/api/v1/health"
                    ]
                  }
                ],
                "query_string": [],
                "source_ip": []
              }
            ],
            "id": "arn:aws:elasticloadbalancing:us-east-2:698347480743:listener-rule/app/alb-fargate-ecs/e99fdd45b91fde3c/8ba6e5ee8aca248c/4504fac4b37700f0",
            "listener_arn": "arn:aws:elasticloadbalancing:us-east-2:698347480743:listener/app/alb-fargate-ecs/e99fdd45b91fde3c/8ba6e5ee8aca248c",
            "priority": 1,
            "tags": null,
            "tags_all": {}
          },
          "sensitive_attributes": [],
          "private": "bnVsbA==",
          "dependencies": [
            "module.alb.aws_alb_listener.application",
            "module.alb.aws_alb_target_group.app_target_group",
            "module.alb.aws_lb.alb_ecs",
            "module.vpc.aws_security_group.public_sg",
            "module.vpc.aws_subnet.public_subnet",
            "module.vpc.aws_vpc.elliotts_aws_sandbox",
            "module.vpc.data.aws_availability_zones.available",
            "module.vpc.random_integer.rand_int"
          ]
        }
      ]
    },
    {
      "module": "module.alb",
      "mode": "managed",
      "type": "aws_alb_target_group",
      "name": "app_target_group",
      "provider": "provider[\"registry.terraform.io/hashicorp/aws\"]",
      "instances": [
        {
          "schema_version": 0,
          "attributes": {
            "arn": "arn:aws:elasticloadbalancing:us-east-2:698347480743:targetgroup/blockchain/371a7205b6df9355",
            "arn_suffix": "targetgroup/blockchain/371a7205b6df9355",
            "connection_termination": false,
            "deregistration_delay": "300",
            "health_check": [
              {
                "enabled": true,
                "healthy_threshold": 2,
                "interval": 60,
                "matcher": "200",
                "path": "/api/v1/health",
                "port": "traffic-port",
                "protocol": "HTTP",
                "timeout": 30,
                "unhealthy_threshold": 2
              }
            ],
            "id": "arn:aws:elasticloadbalancing:us-east-2:698347480743:targetgroup/blockchain/371a7205b6df9355",
            "lambda_multi_value_headers_enabled": false,
            "load_balancing_algorithm_type": "round_robin",
            "name": "blockchain",
            "name_prefix": null,
            "port": 80,
            "preserve_client_ip": null,
            "protocol": "HTTP",
            "protocol_version": "HTTP1",
            "proxy_protocol_v2": false,
            "slow_start": 0,
            "stickiness": [
              {
                "cookie_duration": 86400,
                "cookie_name": "",
                "enabled": false,
                "type": "lb_cookie"
              }
            ],
            "tags": null,
            "tags_all": {},
            "target_type": "ip",
            "vpc_id": "vpc-0164e0045aee0ab01"
          },
          "sensitive_attributes": [],
          "private": "bnVsbA==",
          "dependencies": [
            "module.vpc.aws_vpc.elliotts_aws_sandbox",
            "module.vpc.random_integer.rand_int"
          ]
        }
      ]
    },
    {
      "module": "module.alb",
      "mode": "managed",
      "type": "aws_lb",
      "name": "alb_ecs",
      "provider": "provider[\"registry.terraform.io/hashicorp/aws\"]",
      "instances": [
        {
          "schema_version": 0,
          "attributes": {
            "access_logs": [
              {
                "bucket": "",
                "enabled": false,
                "prefix": ""
              }
            ],
            "arn": "arn:aws:elasticloadbalancing:us-east-2:698347480743:loadbalancer/app/alb-fargate-ecs/e99fdd45b91fde3c",
            "arn_suffix": "app/alb-fargate-ecs/e99fdd45b91fde3c",
            "customer_owned_ipv4_pool": "",
            "desync_mitigation_mode": "defensive",
            "dns_name": "alb-fargate-ecs-564417248.us-east-2.elb.amazonaws.com",
            "drop_invalid_header_fields": false,
            "enable_cross_zone_load_balancing": null,
            "enable_deletion_protection": false,
            "enable_http2": true,
            "enable_waf_fail_open": false,
            "id": "arn:aws:elasticloadbalancing:us-east-2:698347480743:loadbalancer/app/alb-fargate-ecs/e99fdd45b91fde3c",
            "idle_timeout": 60,
            "internal": false,
            "ip_address_type": "ipv4",
            "load_balancer_type": "application",
            "name": "alb-fargate-ecs",
            "name_prefix": null,
            "security_groups": [
              "sg-09599f332ac987832"
            ],
            "subnet_mapping": [
              {
                "allocation_id": "",
                "ipv6_address": "",
                "outpost_id": "",
                "private_ipv4_address": "",
                "subnet_id": "subnet-033bbfc66256fc901"
              },
              {
                "allocation_id": "",
                "ipv6_address": "",
                "outpost_id": "",
                "private_ipv4_address": "",
                "subnet_id": "subnet-04bf2790c6626e90d"
              }
            ],
            "subnets": [
              "subnet-033bbfc66256fc901",
              "subnet-04bf2790c6626e90d"
            ],
            "tags": {
              "Environment": "production",
              "Name": "alb-ecs-fargate"
            },
            "tags_all": {
              "Environment": "production",
              "Name": "alb-ecs-fargate"
            },
            "timeouts": null,
            "vpc_id": "vpc-0164e0045aee0ab01",
            "zone_id": "Z3AADJGX6KTTL2"
          },
          "sensitive_attributes": [],
          "private": "eyJlMmJmYjczMC1lY2FhLTExZTYtOGY4OC0zNDM2M2JjN2M0YzAiOnsiY3JlYXRlIjo2MDAwMDAwMDAwMDAsImRlbGV0ZSI6NjAwMDAwMDAwMDAwLCJ1cGRhdGUiOjYwMDAwMDAwMDAwMH19",
          "dependencies": [
            "module.vpc.aws_security_group.public_sg",
            "module.vpc.aws_subnet.public_subnet",
            "module.vpc.aws_vpc.elliotts_aws_sandbox",
            "module.vpc.data.aws_availability_zones.available",
            "module.vpc.random_integer.rand_int"
          ]
        }
      ]
    },
    {
      "module": "module.ecs",
      "mode": "managed",
      "type": "aws_ecs_cluster",
      "name": "ecs_blockchain_cluster",
      "provider": "provider[\"registry.terraform.io/hashicorp/aws\"]",
      "instances": [
        {
          "schema_version": 0,
          "attributes": {
            "arn": "arn:aws:ecs:us-east-2:698347480743:cluster/ecs_blockchain_cluster",
            "capacity_providers": [],
            "configuration": [],
            "default_capacity_provider_strategy": [],
            "id": "arn:aws:ecs:us-east-2:698347480743:cluster/ecs_blockchain_cluster",
            "name": "ecs_blockchain_cluster",
            "setting": [
              {
                "name": "containerInsights",
                "value": "enabled"
              }
            ],
            "tags": null,
            "tags_all": {}
          },
          "sensitive_attributes": [],
          "private": "bnVsbA=="
        }
      ]
    },
    {
      "module": "module.ecs",
      "mode": "managed",
      "type": "aws_ecs_cluster_capacity_providers",
      "name": "ecs_capacity_provider",
      "provider": "provider[\"registry.terraform.io/hashicorp/aws\"]",
      "instances": [
        {
          "schema_version": 0,
          "attributes": {
            "capacity_providers": [
              "FARGATE"
            ],
            "cluster_name": "ecs_blockchain_cluster",
            "default_capacity_provider_strategy": [],
            "id": "ecs_blockchain_cluster"
          },
          "sensitive_attributes": [],
          "private": "bnVsbA==",
          "dependencies": [
            "module.ecs.aws_ecs_cluster.ecs_blockchain_cluster"
          ]
        }
      ]
    },
    {
      "module": "module.ecs",
      "mode": "managed",
      "type": "aws_ecs_service",
      "name": "service_handler",
      "provider": "provider[\"registry.terraform.io/hashicorp/aws\"]",
      "instances": [
        {
          "schema_version": 0,
          "attributes": {
            "capacity_provider_strategy": [],
            "cluster": "arn:aws:ecs:us-east-2:698347480743:cluster/ecs_blockchain_cluster",
            "deployment_circuit_breaker": [
              {
                "enable": false,
                "rollback": false
              }
            ],
            "deployment_controller": [
              {
                "type": "ECS"
              }
            ],
            "deployment_maximum_percent": 200,
            "deployment_minimum_healthy_percent": 100,
            "desired_count": 2,
            "enable_ecs_managed_tags": false,
            "enable_execute_command": false,
            "force_new_deployment": null,
            "health_check_grace_period_seconds": 0,
            "iam_role": "aws-service-role",
            "id": "arn:aws:ecs:us-east-2:698347480743:service/ecs_blockchain_cluster/health_check",
            "launch_type": "FARGATE",
            "load_balancer": [
              {
                "container_name": "health_check",
                "container_port": 80,
                "elb_name": "",
                "target_group_arn": "arn:aws:elasticloadbalancing:us-east-2:698347480743:targetgroup/blockchain/371a7205b6df9355"
              }
            ],
            "name": "health_check",
            "network_configuration": [
              {
                "assign_public_ip": true,
                "security_groups": [
                  "sg-09599f332ac987832"
                ],
                "subnets": [
                  "subnet-033bbfc66256fc901",
                  "subnet-04bf2790c6626e90d"
                ]
              }
            ],
            "ordered_placement_strategy": [],
            "placement_constraints": [],
            "platform_version": "LATEST",
            "propagate_tags": "NONE",
            "scheduling_strategy": "REPLICA",
            "service_registries": [],
            "tags": null,
            "tags_all": {},
            "task_definition": "arn:aws:ecs:us-east-2:698347480743:task-definition/blockchain:2",
            "timeouts": null,
            "wait_for_steady_state": false
          },
          "sensitive_attributes": [],
          "private": "eyJlMmJmYjczMC1lY2FhLTExZTYtOGY4OC0zNDM2M2JjN2M0YzAiOnsiZGVsZXRlIjoxMjAwMDAwMDAwMDAwfX0=",
          "dependencies": [
            "module.alb.aws_alb_target_group.app_target_group",
            "module.alb.aws_lb.alb_ecs",
            "module.ecs.aws_ecs_cluster.ecs_blockchain_cluster",
            "module.ecs.aws_ecs_task_definition.ecs_task_def",
            "module.ecs.aws_iam_role.ecs_task_role",
            "module.vpc.aws_security_group.public_sg",
            "module.vpc.aws_subnet.public_subnet",
            "module.vpc.aws_vpc.elliotts_aws_sandbox",
            "module.vpc.data.aws_availability_zones.available",
            "module.vpc.random_integer.rand_int"
          ]
        }
      ]
    },
    {
      "module": "module.ecs",
      "mode": "managed",
      "type": "aws_ecs_task_definition",
      "name": "ecs_task_def",
      "provider": "provider[\"registry.terraform.io/hashicorp/aws\"]",
      "instances": [
        {
          "schema_version": 1,
          "attributes": {
            "arn": "arn:aws:ecs:us-east-2:698347480743:task-definition/blockchain:2",
            "container_definitions": "[{\"cpu\":512,\"environment\":[],\"essential\":true,\"image\":\"si3mshady/healthcheck-activepassive:2\",\"memory\":1024,\"mountPoints\":[],\"name\":\"blockchain\",\"portMappings\":[{\"containerPort\":3000,\"hostPort\":3000,\"protocol\":\"tcp\"}],\"volumesFrom\":[]},{\"cpu\":512,\"environment\":[],\"essential\":true,\"image\":\"si3mshady/healthcheck:latest\",\"memory\":1024,\"mountPoints\":[],\"name\":\"health_check\",\"portMappings\":[{\"containerPort\":80,\"hostPort\":80,\"protocol\":\"tcp\"}],\"volumesFrom\":[]}]",
            "cpu": "1024",
            "ephemeral_storage": [],
            "execution_role_arn": "arn:aws:iam::698347480743:role/blockchain",
            "family": "blockchain",
            "id": "blockchain",
            "inference_accelerator": [],
            "ipc_mode": "",
            "memory": "2048",
            "network_mode": "awsvpc",
            "pid_mode": "",
            "placement_constraints": [],
            "proxy_configuration": [],
            "requires_compatibilities": [
              "FARGATE"
            ],
            "revision": 2,
            "runtime_platform": [],
            "skip_destroy": false,
            "tags": null,
            "tags_all": {},
            "task_role_arn": "arn:aws:iam::698347480743:role/blockchain",
            "volume": []
          },
          "sensitive_attributes": [],
          "private": "eyJzY2hlbWFfdmVyc2lvbiI6IjEifQ==",
          "dependencies": [
            "module.ecs.aws_iam_role.ecs_task_role"
          ]
        }
      ]
    },
    {
      "module": "module.ecs",
      "mode": "managed",
      "type": "aws_iam_policy",
      "name": "ecs_task_policy",
      "provider": "provider[\"registry.terraform.io/hashicorp/aws\"]",
      "instances": [
        {
          "schema_version": 0,
          "attributes": {
            "arn": "arn:aws:iam::698347480743:policy/blockchain-policy",
            "description": "",
            "id": "arn:aws:iam::698347480743:policy/blockchain-policy",
            "name": "blockchain-policy",
            "name_prefix": null,
            "path": "/",
            "policy": "{\"Statement\":[{\"Action\":\"*\",\"Effect\":\"Allow\",\"Resource\":\"*\"}],\"Version\":\"2012-10-17\"}",
            "policy_id": "ANPA2FGGA42T4XHHBIPIL",
            "tags": null,
            "tags_all": {}
          },
          "sensitive_attributes": [],
          "private": "bnVsbA=="
        }
      ]
    },
    {
      "module": "module.ecs",
      "mode": "managed",
      "type": "aws_iam_role",
      "name": "ecs_task_role",
      "provider": "provider[\"registry.terraform.io/hashicorp/aws\"]",
      "instances": [
        {
          "schema_version": 0,
          "attributes": {
            "arn": "arn:aws:iam::698347480743:role/blockchain",
            "assume_role_policy": "{\"Version\":\"2012-10-17\",\"Statement\":[{\"Sid\":\"\",\"Effect\":\"Allow\",\"Principal\":{\"Service\":\"ecs-tasks.amazonaws.com\"},\"Action\":\"sts:AssumeRole\"}]}",
            "create_date": "2022-04-20T13:03:35Z",
            "description": "",
            "force_detach_policies": false,
            "id": "blockchain",
            "inline_policy": [
              {
                "name": "",
                "policy": ""
              }
            ],
            "managed_policy_arns": [],
            "max_session_duration": 3600,
            "name": "blockchain",
            "name_prefix": "",
            "path": "/",
            "permissions_boundary": null,
            "tags": null,
            "tags_all": {},
            "unique_id": "AROA2FGGA42T7DVJSR6FB"
          },
          "sensitive_attributes": [],
          "private": "bnVsbA=="
        }
      ]
    },
    {
      "module": "module.ecs",
      "mode": "managed",
      "type": "aws_iam_role_policy_attachment",
      "name": "ecs-task-role-policy-attachment",
      "provider": "provider[\"registry.terraform.io/hashicorp/aws\"]",
      "instances": [
        {
          "schema_version": 0,
          "attributes": {
            "id": "blockchain-20220420130336479900000001",
            "policy_arn": "arn:aws:iam::698347480743:policy/blockchain-policy",
            "role": "blockchain"
          },
          "sensitive_attributes": [],
          "private": "bnVsbA==",
          "dependencies": [
            "module.ecs.aws_iam_policy.ecs_task_policy",
            "module.ecs.aws_iam_role.ecs_task_role"
          ]
        }
      ]
    },
    {
      "module": "module.vpc",
      "mode": "data",
      "type": "aws_availability_zones",
      "name": "available",
      "provider": "provider[\"registry.terraform.io/hashicorp/aws\"]",
      "instances": [
        {
          "schema_version": 0,
          "attributes": {
            "all_availability_zones": null,
            "exclude_names": null,
            "exclude_zone_ids": null,
            "filter": null,
            "group_names": [
              "us-east-2"
            ],
            "id": "us-east-2",
            "names": [
              "us-east-2a",
              "us-east-2b",
              "us-east-2c"
            ],
            "state": null,
            "zone_ids": [
              "use2-az1",
              "use2-az2",
              "use2-az3"
            ]
          },
          "sensitive_attributes": []
        }
      ]
    },
    {
      "module": "module.vpc",
      "mode": "managed",
      "type": "aws_default_route_table",
      "name": "default_private_rt",
      "provider": "provider[\"registry.terraform.io/hashicorp/aws\"]",
      "instances": [
        {
          "schema_version": 0,
          "attributes": {
            "arn": "arn:aws:ec2:us-east-2:698347480743:route-table/rtb-0cf85f162be315c9c",
            "default_route_table_id": "rtb-0cf85f162be315c9c",
            "id": "rtb-0cf85f162be315c9c",
            "owner_id": "698347480743",
            "propagating_vgws": null,
            "route": [],
            "tags": {
              "Name": "private_route_table"
            },
            "tags_all": {
              "Name": "private_route_table"
            },
            "timeouts": null,
            "vpc_id": "vpc-0164e0045aee0ab01"
          },
          "sensitive_attributes": [],
          "private": "eyJlMmJmYjczMC1lY2FhLTExZTYtOGY4OC0zNDM2M2JjN2M0YzAiOnsiY3JlYXRlIjoxMjAwMDAwMDAwMDAsInVwZGF0ZSI6MTIwMDAwMDAwMDAwfX0=",
          "dependencies": [
            "module.vpc.aws_vpc.elliotts_aws_sandbox",
            "module.vpc.random_integer.rand_int"
          ]
        }
      ]
    },
    {
      "module": "module.vpc",
      "mode": "managed",
      "type": "aws_internet_gateway",
      "name": "igw",
      "provider": "provider[\"registry.terraform.io/hashicorp/aws\"]",
      "instances": [
        {
          "schema_version": 0,
          "attributes": {
            "arn": "arn:aws:ec2:us-east-2:698347480743:internet-gateway/igw-048844eddb3858487",
            "id": "igw-048844eddb3858487",
            "owner_id": "698347480743",
            "tags": null,
            "tags_all": {},
            "vpc_id": "vpc-0164e0045aee0ab01"
          },
          "sensitive_attributes": [],
          "private": "bnVsbA==",
          "dependencies": [
            "module.vpc.aws_vpc.elliotts_aws_sandbox",
            "module.vpc.random_integer.rand_int"
          ]
        }
      ]
    },
    {
      "module": "module.vpc",
      "mode": "managed",
      "type": "aws_route",
      "name": "public_route",
      "provider": "provider[\"registry.terraform.io/hashicorp/aws\"]",
      "instances": [
        {
          "schema_version": 0,
          "attributes": {
            "carrier_gateway_id": "",
            "core_network_arn": "",
            "destination_cidr_block": "0.0.0.0/0",
            "destination_ipv6_cidr_block": "",
            "destination_prefix_list_id": "",
            "egress_only_gateway_id": "",
            "gateway_id": "igw-048844eddb3858487",
            "id": "r-rtb-077cf35d757f46cc81080289494",
            "instance_id": "",
            "instance_owner_id": "",
            "local_gateway_id": "",
            "nat_gateway_id": "",
            "network_interface_id": "",
            "origin": "CreateRoute",
            "route_table_id": "rtb-077cf35d757f46cc8",
            "state": "active",
            "timeouts": null,
            "transit_gateway_id": "",
            "vpc_endpoint_id": "",
            "vpc_peering_connection_id": ""
          },
          "sensitive_attributes": [],
          "private": "eyJlMmJmYjczMC1lY2FhLTExZTYtOGY4OC0zNDM2M2JjN2M0YzAiOnsiY3JlYXRlIjozMDAwMDAwMDAwMDAsImRlbGV0ZSI6MzAwMDAwMDAwMDAwLCJ1cGRhdGUiOjEyMDAwMDAwMDAwMH19",
          "dependencies": [
            "module.vpc.aws_internet_gateway.igw",
            "module.vpc.aws_route_table.public_route_table",
            "module.vpc.aws_vpc.elliotts_aws_sandbox",
            "module.vpc.random_integer.rand_int"
          ]
        }
      ]
    },
    {
      "module": "module.vpc",
      "mode": "managed",
      "type": "aws_route_table",
      "name": "public_route_table",
      "provider": "provider[\"registry.terraform.io/hashicorp/aws\"]",
      "instances": [
        {
          "schema_version": 0,
          "attributes": {
            "arn": "arn:aws:ec2:us-east-2:698347480743:route-table/rtb-077cf35d757f46cc8",
            "id": "rtb-077cf35d757f46cc8",
            "owner_id": "698347480743",
            "propagating_vgws": [],
            "route": [],
            "tags": {
              "Name": "public_route_table"
            },
            "tags_all": {
              "Name": "public_route_table"
            },
            "timeouts": null,
            "vpc_id": "vpc-0164e0045aee0ab01"
          },
          "sensitive_attributes": [],
          "private": "eyJlMmJmYjczMC1lY2FhLTExZTYtOGY4OC0zNDM2M2JjN2M0YzAiOnsiY3JlYXRlIjozMDAwMDAwMDAwMDAsImRlbGV0ZSI6MzAwMDAwMDAwMDAwLCJ1cGRhdGUiOjEyMDAwMDAwMDAwMH19",
          "dependencies": [
            "module.vpc.aws_vpc.elliotts_aws_sandbox",
            "module.vpc.random_integer.rand_int"
          ]
        }
      ]
    },
    {
      "module": "module.vpc",
      "mode": "managed",
      "type": "aws_route_table_association",
      "name": "public_rt_association",
      "provider": "provider[\"registry.terraform.io/hashicorp/aws\"]",
      "instances": [
        {
          "index_key": 0,
          "schema_version": 0,
          "attributes": {
            "gateway_id": "",
            "id": "rtbassoc-02822f06189143024",
            "route_table_id": "rtb-077cf35d757f46cc8",
            "subnet_id": "subnet-033bbfc66256fc901"
          },
          "sensitive_attributes": [],
          "private": "bnVsbA==",
          "dependencies": [
            "module.vpc.aws_route_table.public_route_table",
            "module.vpc.aws_subnet.public_subnet",
            "module.vpc.aws_vpc.elliotts_aws_sandbox",
            "module.vpc.data.aws_availability_zones.available",
            "module.vpc.random_integer.rand_int"
          ]
        },
        {
          "index_key": 1,
          "schema_version": 0,
          "attributes": {
            "gateway_id": "",
            "id": "rtbassoc-0edf8bdc74151797d",
            "route_table_id": "rtb-077cf35d757f46cc8",
            "subnet_id": "subnet-04bf2790c6626e90d"
          },
          "sensitive_attributes": [],
          "private": "bnVsbA==",
          "dependencies": [
            "module.vpc.aws_route_table.public_route_table",
            "module.vpc.aws_subnet.public_subnet",
            "module.vpc.aws_vpc.elliotts_aws_sandbox",
            "module.vpc.data.aws_availability_zones.available",
            "module.vpc.random_integer.rand_int"
          ]
        }
      ]
    },
    {
      "module": "module.vpc",
      "mode": "managed",
      "type": "aws_security_group",
      "name": "public_sg",
      "provider": "provider[\"registry.terraform.io/hashicorp/aws\"]",
      "instances": [
        {
          "schema_version": 1,
          "attributes": {
            "arn": "arn:aws:ec2:us-east-2:698347480743:security-group/sg-09599f332ac987832",
            "description": "Managed by Terraform",
            "egress": [
              {
                "cidr_blocks": [
                  "0.0.0.0/0"
                ],
                "description": "",
                "from_port": 0,
                "ipv6_cidr_blocks": [],
                "prefix_list_ids": [],
                "protocol": "-1",
                "security_groups": [],
                "self": false,
                "to_port": 0
              }
            ],
            "id": "sg-09599f332ac987832",
            "ingress": [
              {
                "cidr_blocks": [
                  "0.0.0.0/0"
                ],
                "description": "",
                "from_port": 0,
                "ipv6_cidr_blocks": [],
                "prefix_list_ids": [],
                "protocol": "tcp",
                "security_groups": [],
                "self": false,
                "to_port": 65535
              }
            ],
            "name": "public_sg",
            "name_prefix": "",
            "owner_id": "698347480743",
            "revoke_rules_on_delete": false,
            "tags": null,
            "tags_all": {},
            "timeouts": null,
            "vpc_id": "vpc-0164e0045aee0ab01"
          },
          "sensitive_attributes": [],
          "private": "eyJlMmJmYjczMC1lY2FhLTExZTYtOGY4OC0zNDM2M2JjN2M0YzAiOnsiY3JlYXRlIjo2MDAwMDAwMDAwMDAsImRlbGV0ZSI6OTAwMDAwMDAwMDAwfSwic2NoZW1hX3ZlcnNpb24iOiIxIn0=",
          "dependencies": [
            "module.vpc.aws_vpc.elliotts_aws_sandbox",
            "module.vpc.random_integer.rand_int"
          ]
        }
      ]
    },
    {
      "module": "module.vpc",
      "mode": "managed",
      "type": "aws_subnet",
      "name": "private_subnet",
      "provider": "provider[\"registry.terraform.io/hashicorp/aws\"]",
      "instances": [
        {
          "index_key": 0,
          "schema_version": 1,
          "attributes": {
            "arn": "arn:aws:ec2:us-east-2:698347480743:subnet/subnet-02044f16bc3d343fc",
            "assign_ipv6_address_on_creation": false,
            "availability_zone": "us-east-2a",
            "availability_zone_id": "use2-az1",
            "cidr_block": "10.128.1.0/24",
            "customer_owned_ipv4_pool": "",
            "enable_dns64": false,
            "enable_resource_name_dns_a_record_on_launch": false,
            "enable_resource_name_dns_aaaa_record_on_launch": false,
            "id": "subnet-02044f16bc3d343fc",
            "ipv6_cidr_block": "",
            "ipv6_cidr_block_association_id": "",
            "ipv6_native": false,
            "map_customer_owned_ip_on_launch": false,
            "map_public_ip_on_launch": false,
            "outpost_arn": "",
            "owner_id": "698347480743",
            "private_dns_hostname_type_on_launch": "ip-name",
            "tags": {
              "Name": "subnet-us-east-1e-0"
            },
            "tags_all": {
              "Name": "subnet-us-east-1e-0"
            },
            "timeouts": null,
            "vpc_id": "vpc-0164e0045aee0ab01"
          },
          "sensitive_attributes": [],
          "private": "eyJlMmJmYjczMC1lY2FhLTExZTYtOGY4OC0zNDM2M2JjN2M0YzAiOnsiY3JlYXRlIjo2MDAwMDAwMDAwMDAsImRlbGV0ZSI6MTIwMDAwMDAwMDAwMH0sInNjaGVtYV92ZXJzaW9uIjoiMSJ9",
          "dependencies": [
            "module.vpc.aws_vpc.elliotts_aws_sandbox",
            "module.vpc.data.aws_availability_zones.available",
            "module.vpc.random_integer.rand_int"
          ]
        },
        {
          "index_key": 1,
          "schema_version": 1,
          "attributes": {
            "arn": "arn:aws:ec2:us-east-2:698347480743:subnet/subnet-07784b8c3659f4f92",
            "assign_ipv6_address_on_creation": false,
            "availability_zone": "us-east-2b",
            "availability_zone_id": "use2-az2",
            "cidr_block": "10.128.3.0/24",
            "customer_owned_ipv4_pool": "",
            "enable_dns64": false,
            "enable_resource_name_dns_a_record_on_launch": false,
            "enable_resource_name_dns_aaaa_record_on_launch": false,
            "id": "subnet-07784b8c3659f4f92",
            "ipv6_cidr_block": "",
            "ipv6_cidr_block_association_id": "",
            "ipv6_native": false,
            "map_customer_owned_ip_on_launch": false,
            "map_public_ip_on_launch": false,
            "outpost_arn": "",
            "owner_id": "698347480743",
            "private_dns_hostname_type_on_launch": "ip-name",
            "tags": {
              "Name": "subnet-us-east-1d-1"
            },
            "tags_all": {
              "Name": "subnet-us-east-1d-1"
            },
            "timeouts": null,
            "vpc_id": "vpc-0164e0045aee0ab01"
          },
          "sensitive_attributes": [],
          "private": "eyJlMmJmYjczMC1lY2FhLTExZTYtOGY4OC0zNDM2M2JjN2M0YzAiOnsiY3JlYXRlIjo2MDAwMDAwMDAwMDAsImRlbGV0ZSI6MTIwMDAwMDAwMDAwMH0sInNjaGVtYV92ZXJzaW9uIjoiMSJ9",
          "dependencies": [
            "module.vpc.aws_vpc.elliotts_aws_sandbox",
            "module.vpc.data.aws_availability_zones.available",
            "module.vpc.random_integer.rand_int"
          ]
        }
      ]
    },
    {
      "module": "module.vpc",
      "mode": "managed",
      "type": "aws_subnet",
      "name": "public_subnet",
      "provider": "provider[\"registry.terraform.io/hashicorp/aws\"]",
      "instances": [
        {
          "index_key": 0,
          "schema_version": 1,
          "attributes": {
            "arn": "arn:aws:ec2:us-east-2:698347480743:subnet/subnet-033bbfc66256fc901",
            "assign_ipv6_address_on_creation": false,
            "availability_zone": "us-east-2a",
            "availability_zone_id": "use2-az1",
            "cidr_block": "10.128.2.0/24",
            "customer_owned_ipv4_pool": "",
            "enable_dns64": false,
            "enable_resource_name_dns_a_record_on_launch": false,
            "enable_resource_name_dns_aaaa_record_on_launch": false,
            "id": "subnet-033bbfc66256fc901",
            "ipv6_cidr_block": "",
            "ipv6_cidr_block_association_id": "",
            "ipv6_native": false,
            "map_customer_owned_ip_on_launch": false,
            "map_public_ip_on_launch": true,
            "outpost_arn": "",
            "owner_id": "698347480743",
            "private_dns_hostname_type_on_launch": "ip-name",
            "tags": {
              "Name": "subnet-us-east-1e-0"
            },
            "tags_all": {
              "Name": "subnet-us-east-1e-0"
            },
            "timeouts": null,
            "vpc_id": "vpc-0164e0045aee0ab01"
          },
          "sensitive_attributes": [],
          "private": "eyJlMmJmYjczMC1lY2FhLTExZTYtOGY4OC0zNDM2M2JjN2M0YzAiOnsiY3JlYXRlIjo2MDAwMDAwMDAwMDAsImRlbGV0ZSI6MTIwMDAwMDAwMDAwMH0sInNjaGVtYV92ZXJzaW9uIjoiMSJ9",
          "dependencies": [
            "module.vpc.aws_vpc.elliotts_aws_sandbox",
            "module.vpc.data.aws_availability_zones.available",
            "module.vpc.random_integer.rand_int"
          ]
        },
        {
          "index_key": 1,
          "schema_version": 1,
          "attributes": {
            "arn": "arn:aws:ec2:us-east-2:698347480743:subnet/subnet-04bf2790c6626e90d",
            "assign_ipv6_address_on_creation": false,
            "availability_zone": "us-east-2b",
            "availability_zone_id": "use2-az2",
            "cidr_block": "10.128.4.0/24",
            "customer_owned_ipv4_pool": "",
            "enable_dns64": false,
            "enable_resource_name_dns_a_record_on_launch": false,
            "enable_resource_name_dns_aaaa_record_on_launch": false,
            "id": "subnet-04bf2790c6626e90d",
            "ipv6_cidr_block": "",
            "ipv6_cidr_block_association_id": "",
            "ipv6_native": false,
            "map_customer_owned_ip_on_launch": false,
            "map_public_ip_on_launch": true,
            "outpost_arn": "",
            "owner_id": "698347480743",
            "private_dns_hostname_type_on_launch": "ip-name",
            "tags": {
              "Name": "subnet-us-east-1d-1"
            },
            "tags_all": {
              "Name": "subnet-us-east-1d-1"
            },
            "timeouts": null,
            "vpc_id": "vpc-0164e0045aee0ab01"
          },
          "sensitive_attributes": [],
          "private": "eyJlMmJmYjczMC1lY2FhLTExZTYtOGY4OC0zNDM2M2JjN2M0YzAiOnsiY3JlYXRlIjo2MDAwMDAwMDAwMDAsImRlbGV0ZSI6MTIwMDAwMDAwMDAwMH0sInNjaGVtYV92ZXJzaW9uIjoiMSJ9",
          "dependencies": [
            "module.vpc.aws_vpc.elliotts_aws_sandbox",
            "module.vpc.data.aws_availability_zones.available",
            "module.vpc.random_integer.rand_int"
          ]
        }
      ]
    },
    {
      "module": "module.vpc",
      "mode": "managed",
      "type": "aws_vpc",
      "name": "elliotts_aws_sandbox",
      "provider": "provider[\"registry.terraform.io/hashicorp/aws\"]",
      "instances": [
        {
          "schema_version": 1,
          "attributes": {
            "arn": "arn:aws:ec2:us-east-2:698347480743:vpc/vpc-0164e0045aee0ab01",
            "assign_generated_ipv6_cidr_block": false,
            "cidr_block": "10.128.0.0/16",
            "default_network_acl_id": "acl-0e6fdb393e4f9f2af",
            "default_route_table_id": "rtb-0cf85f162be315c9c",
            "default_security_group_id": "sg-0437c714cb3ef1946",
            "dhcp_options_id": "dopt-096e754511b12fcbc",
            "enable_classiclink": false,
            "enable_classiclink_dns_support": false,
            "enable_dns_hostnames": true,
            "enable_dns_support": true,
            "id": "vpc-0164e0045aee0ab01",
            "instance_tenancy": "default",
            "ipv4_ipam_pool_id": null,
            "ipv4_netmask_length": null,
            "ipv6_association_id": "",
            "ipv6_cidr_block": "",
            "ipv6_cidr_block_network_border_group": "",
            "ipv6_ipam_pool_id": "",
            "ipv6_netmask_length": 0,
            "main_route_table_id": "rtb-0cf85f162be315c9c",
            "owner_id": "698347480743",
            "tags": {
              "Name": "elliott_arnold_vpc_sandbox-5"
            },
            "tags_all": {
              "Name": "elliott_arnold_vpc_sandbox-5"
            }
          },
          "sensitive_attributes": [],
          "private": "eyJzY2hlbWFfdmVyc2lvbiI6IjEifQ==",
          "dependencies": [
            "module.vpc.random_integer.rand_int"
          ],
          "create_before_destroy": true
        }
      ]
    },
    {
      "module": "module.vpc",
      "mode": "managed",
      "type": "random_integer",
      "name": "rand_int",
      "provider": "provider[\"registry.terraform.io/hashicorp/random\"]",
      "instances": [
        {
          "schema_version": 0,
          "attributes": {
            "id": "5",
            "keepers": null,
            "max": 10,
            "min": 1,
            "result": 5,
            "seed": null
          },
          "sensitive_attributes": [],
          "private": "bnVsbA==",
          "create_before_destroy": true
        }
      ]
    }
  ]
}
